// !$*UTF8*$!
{
	archiveVersion = 1;
	classes = {
	};
	objectVersion = 56;
	objects = {

/* Begin PBXBuildFile section */
		2335A1322C4BB32E0064ED8A /* AppDelegate.swift in Sources */ = {isa = PBXBuildFile; fileRef = 2335A1312C4BB32E0064ED8A /* AppDelegate.swift */; };
		2335A1342C4BB32E0064ED8A /* SceneDelegate.swift in Sources */ = {isa = PBXBuildFile; fileRef = 2335A1332C4BB32E0064ED8A /* SceneDelegate.swift */; };
		2335A13E2C4BB3300064ED8A /* Base in Resources */ = {isa = PBXBuildFile; fileRef = 2335A13D2C4BB3300064ED8A /* Base */; };
		2335A1492C4BB3310064ED8A /* ChatterBoxTests.swift in Sources */ = {isa = PBXBuildFile; fileRef = 2335A1482C4BB3310064ED8A /* ChatterBoxTests.swift */; };
		2335A1532C4BB3310064ED8A /* ChatterBoxUITests.swift in Sources */ = {isa = PBXBuildFile; fileRef = 2335A1522C4BB3310064ED8A /* ChatterBoxUITests.swift */; };
		2335A1552C4BB3310064ED8A /* ChatterBoxUITestsLaunchTests.swift in Sources */ = {isa = PBXBuildFile; fileRef = 2335A1542C4BB3310064ED8A /* ChatterBoxUITestsLaunchTests.swift */; };
		2335A1642C4BC1200064ED8A /* Coordinators in Frameworks */ = {isa = PBXBuildFile; productRef = 2335A1632C4BC1200064ED8A /* Coordinators */; };
		2388D2732C4D6A3A00AAA7FE /* DependencyInjector in Frameworks */ = {isa = PBXBuildFile; productRef = 2388D2722C4D6A3A00AAA7FE /* DependencyInjector */; };
		2388D2752C4D6A3F00AAA7FE /* MainAssembly in Frameworks */ = {isa = PBXBuildFile; productRef = 2388D2742C4D6A3F00AAA7FE /* MainAssembly */; };
/* End PBXBuildFile section */

/* Begin PBXContainerItemProxy section */
		2335A1452C4BB3310064ED8A /* PBXContainerItemProxy */ = {
			isa = PBXContainerItemProxy;
			containerPortal = 2335A1262C4BB32E0064ED8A /* Project object */;
			proxyType = 1;
			remoteGlobalIDString = 2335A12D2C4BB32E0064ED8A;
			remoteInfo = ChatterBox;
		};
		2335A14F2C4BB3310064ED8A /* PBXContainerItemProxy */ = {
			isa = PBXContainerItemProxy;
			containerPortal = 2335A1262C4BB32E0064ED8A /* Project object */;
			proxyType = 1;
			remoteGlobalIDString = 2335A12D2C4BB32E0064ED8A;
			remoteInfo = ChatterBox;
		};
/* End PBXContainerItemProxy section */

/* Begin PBXFileReference section */
		2335A12E2C4BB32E0064ED8A /* ChatterBox.app */ = {isa = PBXFileReference; explicitFileType = wrapper.application; includeInIndex = 0; path = ChatterBox.app; sourceTree = BUILT_PRODUCTS_DIR; };
		2335A1312C4BB32E0064ED8A /* AppDelegate.swift */ = {isa = PBXFileReference; lastKnownFileType = sourcecode.swift; path = AppDelegate.swift; sourceTree = "<group>"; };
		2335A1332C4BB32E0064ED8A /* SceneDelegate.swift */ = {isa = PBXFileReference; lastKnownFileType = sourcecode.swift; path = SceneDelegate.swift; sourceTree = "<group>"; };
		2335A13D2C4BB3300064ED8A /* Base */ = {isa = PBXFileReference; lastKnownFileType = file.storyboard; name = Base; path = Base.lproj/LaunchScreen.storyboard; sourceTree = "<group>"; };
		2335A13F2C4BB3300064ED8A /* Info.plist */ = {isa = PBXFileReference; lastKnownFileType = text.plist.xml; path = Info.plist; sourceTree = "<group>"; };
		2335A1442C4BB3310064ED8A /* ChatterBoxTests.xctest */ = {isa = PBXFileReference; explicitFileType = wrapper.cfbundle; includeInIndex = 0; path = ChatterBoxTests.xctest; sourceTree = BUILT_PRODUCTS_DIR; };
		2335A1482C4BB3310064ED8A /* ChatterBoxTests.swift */ = {isa = PBXFileReference; lastKnownFileType = sourcecode.swift; path = ChatterBoxTests.swift; sourceTree = "<group>"; };
		2335A14E2C4BB3310064ED8A /* ChatterBoxUITests.xctest */ = {isa = PBXFileReference; explicitFileType = wrapper.cfbundle; includeInIndex = 0; path = ChatterBoxUITests.xctest; sourceTree = BUILT_PRODUCTS_DIR; };
		2335A1522C4BB3310064ED8A /* ChatterBoxUITests.swift */ = {isa = PBXFileReference; lastKnownFileType = sourcecode.swift; path = ChatterBoxUITests.swift; sourceTree = "<group>"; };
		2335A1542C4BB3310064ED8A /* ChatterBoxUITestsLaunchTests.swift */ = {isa = PBXFileReference; lastKnownFileType = sourcecode.swift; path = ChatterBoxUITestsLaunchTests.swift; sourceTree = "<group>"; };
		2335A1612C4BBDC10064ED8A /* ChatterBoxEngine */ = {isa = PBXFileReference; lastKnownFileType = wrapper; name = ChatterBoxEngine; path = Packages/ChatterBoxEngine; sourceTree = "<group>"; };
/* End PBXFileReference section */

/* Begin PBXFrameworksBuildPhase section */
		2335A12B2C4BB32E0064ED8A /* Frameworks */ = {
			isa = PBXFrameworksBuildPhase;
			buildActionMask = 2147483647;
			files = (
				2335A1642C4BC1200064ED8A /* Coordinators in Frameworks */,
				2388D2752C4D6A3F00AAA7FE /* MainAssembly in Frameworks */,
				2388D2732C4D6A3A00AAA7FE /* DependencyInjector in Frameworks */,
			);
			runOnlyForDeploymentPostprocessing = 0;
		};
		2335A1412C4BB3310064ED8A /* Frameworks */ = {
			isa = PBXFrameworksBuildPhase;
			buildActionMask = 2147483647;
			files = (
			);
			runOnlyForDeploymentPostprocessing = 0;
		};
		2335A14B2C4BB3310064ED8A /* Frameworks */ = {
			isa = PBXFrameworksBuildPhase;
			buildActionMask = 2147483647;
			files = (
			);
			runOnlyForDeploymentPostprocessing = 0;
		};
/* End PBXFrameworksBuildPhase section */

/* Begin PBXGroup section */
		2335A1252C4BB32E0064ED8A = {
			isa = PBXGroup;
			children = (
				2335A1612C4BBDC10064ED8A /* ChatterBoxEngine */,
				2335A1302C4BB32E0064ED8A /* ChatterBox */,
				2335A1472C4BB3310064ED8A /* ChatterBoxTests */,
				2335A1512C4BB3310064ED8A /* ChatterBoxUITests */,
				2335A12F2C4BB32E0064ED8A /* Products */,
				2335A1622C4BC1200064ED8A /* Frameworks */,
			);
			sourceTree = "<group>";
		};
		2335A12F2C4BB32E0064ED8A /* Products */ = {
			isa = PBXGroup;
			children = (
				2335A12E2C4BB32E0064ED8A /* ChatterBox.app */,
				2335A1442C4BB3310064ED8A /* ChatterBoxTests.xctest */,
				2335A14E2C4BB3310064ED8A /* ChatterBoxUITests.xctest */,
			);
			name = Products;
			sourceTree = "<group>";
		};
		2335A1302C4BB32E0064ED8A /* ChatterBox */ = {
			isa = PBXGroup;
			children = (
				2335A1312C4BB32E0064ED8A /* AppDelegate.swift */,
				2335A1332C4BB32E0064ED8A /* SceneDelegate.swift */,
				2335A13C2C4BB3300064ED8A /* LaunchScreen.storyboard */,
				2335A13F2C4BB3300064ED8A /* Info.plist */,
			);
			path = ChatterBox;
			sourceTree = "<group>";
		};
		2335A1472C4BB3310064ED8A /* ChatterBoxTests */ = {
			isa = PBXGroup;
			children = (
				2335A1482C4BB3310064ED8A /* ChatterBoxTests.swift */,
			);
			path = ChatterBoxTests;
			sourceTree = "<group>";
		};
		2335A1512C4BB3310064ED8A /* ChatterBoxUITests */ = {
			isa = PBXGroup;
			children = (
				2335A1522C4BB3310064ED8A /* ChatterBoxUITests.swift */,
				2335A1542C4BB3310064ED8A /* ChatterBoxUITestsLaunchTests.swift */,
			);
			path = ChatterBoxUITests;
			sourceTree = "<group>";
		};
		2335A1622C4BC1200064ED8A /* Frameworks */ = {
			isa = PBXGroup;
			children = (
			);
			name = Frameworks;
			sourceTree = "<group>";
		};
/* End PBXGroup section */

/* Begin PBXNativeTarget section */
		2335A12D2C4BB32E0064ED8A /* ChatterBox */ = {
			isa = PBXNativeTarget;
			buildConfigurationList = 2335A1582C4BB3310064ED8A /* Build configuration list for PBXNativeTarget "ChatterBox" */;
			buildPhases = (
				2335A12A2C4BB32E0064ED8A /* Sources */,
				2335A12B2C4BB32E0064ED8A /* Frameworks */,
				2335A12C2C4BB32E0064ED8A /* Resources */,
			);
			buildRules = (
			);
			dependencies = (
			);
			name = ChatterBox;
			packageProductDependencies = (
				2335A1632C4BC1200064ED8A /* Coordinators */,
				2388D2722C4D6A3A00AAA7FE /* DependencyInjector */,
				2388D2742C4D6A3F00AAA7FE /* MainAssembly */,
			);
			productName = ChatterBox;
			productReference = 2335A12E2C4BB32E0064ED8A /* ChatterBox.app */;
			productType = "com.apple.product-type.application";
		};
		2335A1432C4BB3310064ED8A /* ChatterBoxTests */ = {
			isa = PBXNativeTarget;
			buildConfigurationList = 2335A15B2C4BB3310064ED8A /* Build configuration list for PBXNativeTarget "ChatterBoxTests" */;
			buildPhases = (
				2335A1402C4BB3310064ED8A /* Sources */,
				2335A1412C4BB3310064ED8A /* Frameworks */,
				2335A1422C4BB3310064ED8A /* Resources */,
			);
			buildRules = (
			);
			dependencies = (
				2335A1462C4BB3310064ED8A /* PBXTargetDependency */,
			);
			name = ChatterBoxTests;
			productName = ChatterBoxTests;
			productReference = 2335A1442C4BB3310064ED8A /* ChatterBoxTests.xctest */;
			productType = "com.apple.product-type.bundle.unit-test";
		};
		2335A14D2C4BB3310064ED8A /* ChatterBoxUITests */ = {
			isa = PBXNativeTarget;
			buildConfigurationList = 2335A15E2C4BB3310064ED8A /* Build configuration list for PBXNativeTarget "ChatterBoxUITests" */;
			buildPhases = (
				2335A14A2C4BB3310064ED8A /* Sources */,
				2335A14B2C4BB3310064ED8A /* Frameworks */,
				2335A14C2C4BB3310064ED8A /* Resources */,
			);
			buildRules = (
			);
			dependencies = (
				2335A1502C4BB3310064ED8A /* PBXTargetDependency */,
			);
			name = ChatterBoxUITests;
			productName = ChatterBoxUITests;
			productReference = 2335A14E2C4BB3310064ED8A /* ChatterBoxUITests.xctest */;
			productType = "com.apple.product-type.bundle.ui-testing";
		};
/* End PBXNativeTarget section */

/* Begin PBXProject section */
		2335A1262C4BB32E0064ED8A /* Project object */ = {
			isa = PBXProject;
			attributes = {
				BuildIndependentTargetsInParallel = 1;
				LastSwiftUpdateCheck = 1540;
				LastUpgradeCheck = 1540;
				TargetAttributes = {
					2335A12D2C4BB32E0064ED8A = {
						CreatedOnToolsVersion = 15.4;
					};
					2335A1432C4BB3310064ED8A = {
						CreatedOnToolsVersion = 15.4;
						TestTargetID = 2335A12D2C4BB32E0064ED8A;
					};
					2335A14D2C4BB3310064ED8A = {
						CreatedOnToolsVersion = 15.4;
						TestTargetID = 2335A12D2C4BB32E0064ED8A;
					};
				};
			};
			buildConfigurationList = 2335A1292C4BB32E0064ED8A /* Build configuration list for PBXProject "ChatterBox" */;
			compatibilityVersion = "Xcode 14.0";
			developmentRegion = en;
			hasScannedForEncodings = 0;
			knownRegions = (
				en,
				Base,
			);
			mainGroup = 2335A1252C4BB32E0064ED8A;
			productRefGroup = 2335A12F2C4BB32E0064ED8A /* Products */;
			projectDirPath = "";
			projectRoot = "";
			targets = (
				2335A12D2C4BB32E0064ED8A /* ChatterBox */,
				2335A1432C4BB3310064ED8A /* ChatterBoxTests */,
				2335A14D2C4BB3310064ED8A /* ChatterBoxUITests */,
			);
		};
/* End PBXProject section */

/* Begin PBXResourcesBuildPhase section */
		2335A12C2C4BB32E0064ED8A /* Resources */ = {
			isa = PBXResourcesBuildPhase;
			buildActionMask = 2147483647;
			files = (
				2335A13E2C4BB3300064ED8A /* Base in Resources */,
			);
			runOnlyForDeploymentPostprocessing = 0;
		};
		2335A1422C4BB3310064ED8A /* Resources */ = {
			isa = PBXResourcesBuildPhase;
			buildActionMask = 2147483647;
			files = (
			);
			runOnlyForDeploymentPostprocessing = 0;
		};
		2335A14C2C4BB3310064ED8A /* Resources */ = {
			isa = PBXResourcesBuildPhase;
			buildActionMask = 2147483647;
			files = (
			);
			runOnlyForDeploymentPostprocessing = 0;
		};
/* End PBXResourcesBuildPhase section */

/* Begin PBXSourcesBuildPhase section */
		2335A12A2C4BB32E0064ED8A /* Sources */ = {
			isa = PBXSourcesBuildPhase;
			buildActionMask = 2147483647;
			files = (
				2335A1322C4BB32E0064ED8A /* AppDelegate.swift in Sources */,
				2335A1342C4BB32E0064ED8A /* SceneDelegate.swift in Sources */,
			);
			runOnlyForDeploymentPostprocessing = 0;
		};
		2335A1402C4BB3310064ED8A /* Sources */ = {
			isa = PBXSourcesBuildPhase;
			buildActionMask = 2147483647;
			files = (
				2335A1492C4BB3310064ED8A /* ChatterBoxTests.swift in Sources */,
			);
			runOnlyForDeploymentPostprocessing = 0;
		};
		2335A14A2C4BB3310064ED8A /* Sources */ = {
			isa = PBXSourcesBuildPhase;
			buildActionMask = 2147483647;
			files = (
				2335A1552C4BB3310064ED8A /* ChatterBoxUITestsLaunchTests.swift in Sources */,
				2335A1532C4BB3310064ED8A /* ChatterBoxUITests.swift in Sources */,
			);
			runOnlyForDeploymentPostprocessing = 0;
		};
/* End PBXSourcesBuildPhase section */

/* Begin PBXTargetDependency section */
		2335A1462C4BB3310064ED8A /* PBXTargetDependency */ = {
			isa = PBXTargetDependency;
			target = 2335A12D2C4BB32E0064ED8A /* ChatterBox */;
			targetProxy = 2335A1452C4BB3310064ED8A /* PBXContainerItemProxy */;
		};
		2335A1502C4BB3310064ED8A /* PBXTargetDependency */ = {
			isa = PBXTargetDependency;
			target = 2335A12D2C4BB32E0064ED8A /* ChatterBox */;
			targetProxy = 2335A14F2C4BB3310064ED8A /* PBXContainerItemProxy */;
		};
/* End PBXTargetDependency section */

/* Begin PBXVariantGroup section */
		2335A13C2C4BB3300064ED8A /* LaunchScreen.storyboard */ = {
			isa = PBXVariantGroup;
			children = (
				2335A13D2C4BB3300064ED8A /* Base */,
			);
			name = LaunchScreen.storyboard;
			sourceTree = "<group>";
		};
/* End PBXVariantGroup section */

/* Begin XCBuildConfiguration section */
		2335A1562C4BB3310064ED8A /* Debug */ = {
			isa = XCBuildConfiguration;
			buildSettings = {
				ALWAYS_SEARCH_USER_PATHS = NO;
				ASSETCATALOG_COMPILER_GENERATE_SWIFT_ASSET_SYMBOL_EXTENSIONS = YES;
				CLANG_ANALYZER_NONNULL = YES;
				CLANG_ANALYZER_NUMBER_OBJECT_CONVERSION = YES_AGGRESSIVE;
				CLANG_CXX_LANGUAGE_STANDARD = "gnu++20";
				CLANG_ENABLE_MODULES = YES;
				CLANG_ENABLE_OBJC_ARC = YES;
				CLANG_ENABLE_OBJC_WEAK = YES;
				CLANG_WARN_BLOCK_CAPTURE_AUTORELEASING = YES;
				CLANG_WARN_BOOL_CONVERSION = YES;
				CLANG_WARN_COMMA = YES;
				CLANG_WARN_CONSTANT_CONVERSION = YES;
				CLANG_WARN_DEPRECATED_OBJC_IMPLEMENTATIONS = YES;
				CLANG_WARN_DIRECT_OBJC_ISA_USAGE = YES_ERROR;
				CLANG_WARN_DOCUMENTATION_COMMENTS = YES;
				CLANG_WARN_EMPTY_BODY = YES;
				CLANG_WARN_ENUM_CONVERSION = YES;
				CLANG_WARN_INFINITE_RECURSION = YES;
				CLANG_WARN_INT_CONVERSION = YES;
				CLANG_WARN_NON_LITERAL_NULL_CONVERSION = YES;
				CLANG_WARN_OBJC_IMPLICIT_RETAIN_SELF = YES;
				CLANG_WARN_OBJC_LITERAL_CONVERSION = YES;
				CLANG_WARN_OBJC_ROOT_CLASS = YES_ERROR;
				CLANG_WARN_QUOTED_INCLUDE_IN_FRAMEWORK_HEADER = YES;
				CLANG_WARN_RANGE_LOOP_ANALYSIS = YES;
				CLANG_WARN_STRICT_PROTOTYPES = YES;
				CLANG_WARN_SUSPICIOUS_MOVE = YES;
				CLANG_WARN_UNGUARDED_AVAILABILITY = YES_AGGRESSIVE;
				CLANG_WARN_UNREACHABLE_CODE = YES;
				CLANG_WARN__DUPLICATE_METHOD_MATCH = YES;
				COPY_PHASE_STRIP = NO;
				DEBUG_INFORMATION_FORMAT = dwarf;
				ENABLE_STRICT_OBJC_MSGSEND = YES;
				ENABLE_TESTABILITY = YES;
				ENABLE_USER_SCRIPT_SANDBOXING = YES;
				GCC_C_LANGUAGE_STANDARD = gnu17;
				GCC_DYNAMIC_NO_PIC = NO;
				GCC_NO_COMMON_BLOCKS = YES;
				GCC_OPTIMIZATION_LEVEL = 0;
				GCC_PREPROCESSOR_DEFINITIONS = (
					"DEBUG=1",
					"$(inherited)",
				);
				GCC_WARN_64_TO_32_BIT_CONVERSION = YES;
				GCC_WARN_ABOUT_RETURN_TYPE = YES_ERROR;
				GCC_WARN_UNDECLARED_SELECTOR = YES;
				GCC_WARN_UNINITIALIZED_AUTOS = YES_AGGRESSIVE;
				GCC_WARN_UNUSED_FUNCTION = YES;
				GCC_WARN_UNUSED_VARIABLE = YES;
				IPHONEOS_DEPLOYMENT_TARGET = 15.0;
				LOCALIZATION_PREFERS_STRING_CATALOGS = YES;
				MTL_ENABLE_DEBUG_INFO = INCLUDE_SOURCE;
				MTL_FAST_MATH = YES;
				ONLY_ACTIVE_ARCH = YES;
				SDKROOT = iphoneos;
				SWIFT_ACTIVE_COMPILATION_CONDITIONS = "DEBUG $(inherited)";
				SWIFT_OPTIMIZATION_LEVEL = "-Onone";
			};
			name = Debug;
		};
		2335A1572C4BB3310064ED8A /* Release */ = {
			isa = XCBuildConfiguration;
			buildSettings = {
				ALWAYS_SEARCH_USER_PATHS = NO;
				ASSETCATALOG_COMPILER_GENERATE_SWIFT_ASSET_SYMBOL_EXTENSIONS = YES;
				CLANG_ANALYZER_NONNULL = YES;
				CLANG_ANALYZER_NUMBER_OBJECT_CONVERSION = YES_AGGRESSIVE;
				CLANG_CXX_LANGUAGE_STANDARD = "gnu++20";
				CLANG_ENABLE_MODULES = YES;
				CLANG_ENABLE_OBJC_ARC = YES;
				CLANG_ENABLE_OBJC_WEAK = YES;
				CLANG_WARN_BLOCK_CAPTURE_AUTORELEASING = YES;
				CLANG_WARN_BOOL_CONVERSION = YES;
				CLANG_WARN_COMMA = YES;
				CLANG_WARN_CONSTANT_CONVERSION = YES;
				CLANG_WARN_DEPRECATED_OBJC_IMPLEMENTATIONS = YES;
				CLANG_WARN_DIRECT_OBJC_ISA_USAGE = YES_ERROR;
				CLANG_WARN_DOCUMENTATION_COMMENTS = YES;
				CLANG_WARN_EMPTY_BODY = YES;
				CLANG_WARN_ENUM_CONVERSION = YES;
				CLANG_WARN_INFINITE_RECURSION = YES;
				CLANG_WARN_INT_CONVERSION = YES;
				CLANG_WARN_NON_LITERAL_NULL_CONVERSION = YES;
				CLANG_WARN_OBJC_IMPLICIT_RETAIN_SELF = YES;
				CLANG_WARN_OBJC_LITERAL_CONVERSION = YES;
				CLANG_WARN_OBJC_ROOT_CLASS = YES_ERROR;
				CLANG_WARN_QUOTED_INCLUDE_IN_FRAMEWORK_HEADER = YES;
				CLANG_WARN_RANGE_LOOP_ANALYSIS = YES;
				CLANG_WARN_STRICT_PROTOTYPES = YES;
				CLANG_WARN_SUSPICIOUS_MOVE = YES;
				CLANG_WARN_UNGUARDED_AVAILABILITY = YES_AGGRESSIVE;
				CLANG_WARN_UNREACHABLE_CODE = YES;
				CLANG_WARN__DUPLICATE_METHOD_MATCH = YES;
				COPY_PHASE_STRIP = NO;
				DEBUG_INFORMATION_FORMAT = "dwarf-with-dsym";
				ENABLE_NS_ASSERTIONS = NO;
				ENABLE_STRICT_OBJC_MSGSEND = YES;
				ENABLE_USER_SCRIPT_SANDBOXING = YES;
				GCC_C_LANGUAGE_STANDARD = gnu17;
				GCC_NO_COMMON_BLOCKS = YES;
				GCC_WARN_64_TO_32_BIT_CONVERSION = YES;
				GCC_WARN_ABOUT_RETURN_TYPE = YES_ERROR;
				GCC_WARN_UNDECLARED_SELECTOR = YES;
				GCC_WARN_UNINITIALIZED_AUTOS = YES_AGGRESSIVE;
				GCC_WARN_UNUSED_FUNCTION = YES;
				GCC_WARN_UNUSED_VARIABLE = YES;
				IPHONEOS_DEPLOYMENT_TARGET = 15.0;
				LOCALIZATION_PREFERS_STRING_CATALOGS = YES;
				MTL_ENABLE_DEBUG_INFO = NO;
				MTL_FAST_MATH = YES;
				SDKROOT = iphoneos;
				SWIFT_COMPILATION_MODE = wholemodule;
				VALIDATE_PRODUCT = YES;
			};
			name = Release;
		};
		2335A1592C4BB3310064ED8A /* Debug */ = {
			isa = XCBuildConfiguration;
			buildSettings = {
				ASSETCATALOG_COMPILER_APPICON_NAME = AppIcon;
				ASSETCATALOG_COMPILER_GLOBAL_ACCENT_COLOR_NAME = AccentColor;
				CODE_SIGN_STYLE = Automatic;
				CURRENT_PROJECT_VERSION = 1;
				GENERATE_INFOPLIST_FILE = YES;
				INFOPLIST_FILE = ChatterBox/Info.plist;
				INFOPLIST_KEY_NSPhotoLibraryUsageDescription = "This app requires access to your photo library to let you choose photos to send in chats.";
				INFOPLIST_KEY_UIApplicationSupportsIndirectInputEvents = YES;
				INFOPLIST_KEY_UILaunchStoryboardName = LaunchScreen;
				INFOPLIST_KEY_UISupportedInterfaceOrientations = "UIInterfaceOrientationLandscapeLeft UIInterfaceOrientationLandscapeRight UIInterfaceOrientationPortrait";
				INFOPLIST_KEY_UISupportedInterfaceOrientations_iPad = "UIInterfaceOrientationLandscapeLeft UIInterfaceOrientationLandscapeRight UIInterfaceOrientationPortrait UIInterfaceOrientationPortraitUpsideDown";
				INFOPLIST_KEY_UIUserInterfaceStyle = Light;
				LD_RUNPATH_SEARCH_PATHS = (
					"$(inherited)",
					"@executable_path/Frameworks",
				);
				MARKETING_VERSION = 1.0;
				PRODUCT_BUNDLE_IDENTIFIER = "com.dmytro-vorko.ChatterBox";
				PRODUCT_NAME = "$(TARGET_NAME)";
				SWIFT_EMIT_LOC_STRINGS = YES;
				SWIFT_VERSION = 5.0;
				TARGETED_DEVICE_FAMILY = "1,2";
			};
			name = Debug;
		};
		2335A15A2C4BB3310064ED8A /* Release */ = {
			isa = XCBuildConfiguration;
			buildSettings = {
				ASSETCATALOG_COMPILER_APPICON_NAME = AppIcon;
				ASSETCATALOG_COMPILER_GLOBAL_ACCENT_COLOR_NAME = AccentColor;
				CODE_SIGN_STYLE = Automatic;
				CURRENT_PROJECT_VERSION = 1;
				GENERATE_INFOPLIST_FILE = YES;
				INFOPLIST_FILE = ChatterBox/Info.plist;
				INFOPLIST_KEY_NSPhotoLibraryUsageDescription = "This app requires access to your photo library to let you choose photos to send in chats.";
				INFOPLIST_KEY_UIApplicationSupportsIndirectInputEvents = YES;
				INFOPLIST_KEY_UILaunchStoryboardName = LaunchScreen;
				INFOPLIST_KEY_UISupportedInterfaceOrientations = "UIInterfaceOrientationLandscapeLeft UIInterfaceOrientationLandscapeRight UIInterfaceOrientationPortrait";
				INFOPLIST_KEY_UISupportedInterfaceOrientations_iPad = "UIInterfaceOrientationLandscapeLeft UIInterfaceOrientationLandscapeRight UIInterfaceOrientationPortrait UIInterfaceOrientationPortraitUpsideDown";
				INFOPLIST_KEY_UIUserInterfaceStyle = Light;
				LD_RUNPATH_SEARCH_PATHS = (
					"$(inherited)",
					"@executable_path/Frameworks",
				);
				MARKETING_VERSION = 1.0;
				PRODUCT_BUNDLE_IDENTIFIER = "com.dmytro-vorko.ChatterBox";
				PRODUCT_NAME = "$(TARGET_NAME)";
				SWIFT_EMIT_LOC_STRINGS = YES;
				SWIFT_VERSION = 5.0;
				TARGETED_DEVICE_FAMILY = "1,2";
			};
			name = Release;
		};
		2335A15C2C4BB3310064ED8A /* Debug */ = {
			isa = XCBuildConfiguration;
			buildSettings = {
				ALWAYS_EMBED_SWIFT_STANDARD_LIBRARIES = YES;
				BUNDLE_LOADER = "$(TEST_HOST)";
				CODE_SIGN_STYLE = Automatic;
				CURRENT_PROJECT_VERSION = 1;
				GENERATE_INFOPLIST_FILE = YES;
				IPHONEOS_DEPLOYMENT_TARGET = 17.5;
				MARKETING_VERSION = 1.0;
				PRODUCT_BUNDLE_IDENTIFIER = "com.dmytro-vorko.ChatterBoxTests";
				PRODUCT_NAME = "$(TARGET_NAME)";
				SWIFT_EMIT_LOC_STRINGS = NO;
				SWIFT_VERSION = 5.0;
				TARGETED_DEVICE_FAMILY = "1,2";
				TEST_HOST = "$(BUILT_PRODUCTS_DIR)/ChatterBox.app/$(BUNDLE_EXECUTABLE_FOLDER_PATH)/ChatterBox";
			};
			name = Debug;
		};
		2335A15D2C4BB3310064ED8A /* Release */ = {
			isa = XCBuildConfiguration;
			buildSettings = {
				ALWAYS_EMBED_SWIFT_STANDARD_LIBRARIES = YES;
				BUNDLE_LOADER = "$(TEST_HOST)";
				CODE_SIGN_STYLE = Automatic;
				CURRENT_PROJECT_VERSION = 1;
				GENERATE_INFOPLIST_FILE = YES;
				IPHONEOS_DEPLOYMENT_TARGET = 17.5;
				MARKETING_VERSION = 1.0;
				PRODUCT_BUNDLE_IDENTIFIER = "com.dmytro-vorko.ChatterBoxTests";
				PRODUCT_NAME = "$(TARGET_NAME)";
				SWIFT_EMIT_LOC_STRINGS = NO;
				SWIFT_VERSION = 5.0;
				TARGETED_DEVICE_FAMILY = "1,2";
				TEST_HOST = "$(BUILT_PRODUCTS_DIR)/ChatterBox.app/$(BUNDLE_EXECUTABLE_FOLDER_PATH)/ChatterBox";
			};
			name = Release;
		};
		2335A15F2C4BB3310064ED8A /* Debug */ = {
			isa = XCBuildConfiguration;
			buildSettings = {
				ALWAYS_EMBED_SWIFT_STANDARD_LIBRARIES = YES;
				CODE_SIGN_STYLE = Automatic;
				CURRENT_PROJECT_VERSION = 1;
				GENERATE_INFOPLIST_FILE = YES;
				MARKETING_VERSION = 1.0;
				PRODUCT_BUNDLE_IDENTIFIER = "com.dmytro-vorko.ChatterBoxUITests";
				PRODUCT_NAME = "$(TARGET_NAME)";
				SWIFT_EMIT_LOC_STRINGS = NO;
				SWIFT_VERSION = 5.0;
				TARGETED_DEVICE_FAMILY = "1,2";
				TEST_TARGET_NAME = ChatterBox;
			};
			name = Debug;
		};
		2335A1602C4BB3310064ED8A /* Release */ = {
			isa = XCBuildConfiguration;
			buildSettings = {
				ALWAYS_EMBED_SWIFT_STANDARD_LIBRARIES = YES;
				CODE_SIGN_STYLE = Automatic;
				CURRENT_PROJECT_VERSION = 1;
				GENERATE_INFOPLIST_FILE = YES;
				MARKETING_VERSION = 1.0;
				PRODUCT_BUNDLE_IDENTIFIER = "com.dmytro-vorko.ChatterBoxUITests";
				PRODUCT_NAME = "$(TARGET_NAME)";
				SWIFT_EMIT_LOC_STRINGS = NO;
				SWIFT_VERSION = 5.0;
				TARGETED_DEVICE_FAMILY = "1,2";
				TEST_TARGET_NAME = ChatterBox;
			};
			name = Release;
		};
/* End XCBuildConfiguration section */

/* Begin XCConfigurationList section */
		2335A1292C4BB32E0064ED8A /* Build configuration list for PBXProject "ChatterBox" */ = {
			isa = XCConfigurationList;
			buildConfigurations = (
				2335A1562C4BB3310064ED8A /* Debug */,
				2335A1572C4BB3310064ED8A /* Release */,
			);
			defaultConfigurationIsVisible = 0;
			defaultConfigurationName = Release;
		};
		2335A1582C4BB3310064ED8A /* Build configuration list for PBXNativeTarget "ChatterBox" */ = {
			isa = XCConfigurationList;
			buildConfigurations = (
				2335A1592C4BB3310064ED8A /* Debug */,
				2335A15A2C4BB3310064ED8A /* Release */,
			);
			defaultConfigurationIsVisible = 0;
			defaultConfigurationName = Release;
		};
		2335A15B2C4BB3310064ED8A /* Build configuration list for PBXNativeTarget "ChatterBoxTests" */ = {
			isa = XCConfigurationList;
			buildConfigurations = (
				2335A15C2C4BB3310064ED8A /* Debug */,
				2335A15D2C4BB3310064ED8A /* Release */,
			);
			defaultConfigurationIsVisible = 0;
			defaultConfigurationName = Release;
		};
		2335A15E2C4BB3310064ED8A /* Build configuration list for PBXNativeTarget "ChatterBoxUITests" */ = {
			isa = XCConfigurationList;
			buildConfigurations = (
				2335A15F2C4BB3310064ED8A /* Debug */,
				2335A1602C4BB3310064ED8A /* Release */,
			);
			defaultConfigurationIsVisible = 0;
			defaultConfigurationName = Release;
		};
/* End XCConfigurationList section */

/* Begin XCSwiftPackageProductDependency section */
		2335A1632C4BC1200064ED8A /* Coordinators */ = {
			isa = XCSwiftPackageProductDependency;
			productName = Coordinators;
		};
		2388D2722C4D6A3A00AAA7FE /* DependencyInjector */ = {
			isa = XCSwiftPackageProductDependency;
			productName = DependencyInjector;
		};
		2388D2742C4D6A3F00AAA7FE /* MainAssembly */ = {
			isa = XCSwiftPackageProductDependency;
			productName = MainAssembly;
		};
/* End XCSwiftPackageProductDependency section */
	};
	rootObject = 2335A1262C4BB32E0064ED8A /* Project object */;
}
